
Microsoft Visual Studio Solution File, Format Version 12.00
# Visual Studio 2012
Project("{FAE04EC0-301F-11D3-BF4B-00C04F79EFBC}") = "MVC5test", "MVC5test\MVC5test.csproj", "{60BA19DB-39C7-44FA-8D1F-C23F8AFFE4DC}"
EndProject
Global
	GlobalSection(SolutionConfigurationPlatforms) = preSolution
		Debug|Any CPU = Debug|Any CPU
		Release|Any CPU = Release|Any CPU
	EndGlobalSection
	GlobalSection(ProjectConfigurationPlatforms) = postSolution
		{60BA19DB-39C7-44FA-8D1F-C23F8AFFE4DC}.Debug|Any CPU.ActiveCfg = Debug|Any CPU
		{60BA19DB-39C7-44FA-8D1F-C23F8AFFE4DC}.Debug|Any CPU.Build.0 = Debug|Any CPU
		{60BA19DB-39C7-44FA-8D1F-C23F8AFFE4DC}.Release|Any CPU.ActiveCfg = Release|Any CPU
		{60BA19DB-39C7-44FA-8D1F-C23F8AFFE4DC}.Release|Any CPU.Build.0 = Release|Any CPU
	EndGlobalSection
	GlobalSection(SolutionProperties) = preSolution
		HideSolutionNode = FALSE
	EndGlobalSection
EndGlobal
