
Microsoft Visual Studio Solution File, Format Version 12.00
# Visual Studio 2012
Project("{FAE04EC0-301F-11D3-BF4B-00C04F79EFBC}") = "MVC5test", "MVC5test\MVC5test.csproj", "{60BA19DB-39C7-44FA-8D1F-C23F8AFFE4DC}"
EndProject
Project("{FAE04EC0-301F-11D3-BF4B-00C04F79EFBC}") = "DAL", "DAL\DAL.csproj", "{9ACC0041-C82B-4CB0-A162-C54E7200B0E5}"
EndProject
Project("{FAE04EC0-301F-11D3-BF4B-00C04F79EFBC}") = "DBHelper", "DBHelper\DBHelper.csproj", "{814EFCF7-EDAD-4B6B-9526-ED2CC8040B95}"
EndProject
Project("{FAE04EC0-301F-11D3-BF4B-00C04F79EFBC}") = "Common", "Common\Common.csproj", "{AA5CEEB7-77A8-45C8-A12A-12ECBA6D2E6F}"
EndProject
Project("{FAE04EC0-301F-11D3-BF4B-00C04F79EFBC}") = "CodeHelper", "CodeHelper\CodeHelper.csproj", "{111A5558-6268-44F1-812F-34948A90D639}"
EndProject
Global
	GlobalSection(SolutionConfigurationPlatforms) = preSolution
		Debug|Any CPU = Debug|Any CPU
		Release|Any CPU = Release|Any CPU
	EndGlobalSection
	GlobalSection(ProjectConfigurationPlatforms) = postSolution
		{60BA19DB-39C7-44FA-8D1F-C23F8AFFE4DC}.Debug|Any CPU.ActiveCfg = Debug|Any CPU
		{60BA19DB-39C7-44FA-8D1F-C23F8AFFE4DC}.Debug|Any CPU.Build.0 = Debug|Any CPU
		{60BA19DB-39C7-44FA-8D1F-C23F8AFFE4DC}.Release|Any CPU.ActiveCfg = Release|Any CPU
		{60BA19DB-39C7-44FA-8D1F-C23F8AFFE4DC}.Release|Any CPU.Build.0 = Release|Any CPU
		{9ACC0041-C82B-4CB0-A162-C54E7200B0E5}.Debug|Any CPU.ActiveCfg = Debug|Any CPU
		{9ACC0041-C82B-4CB0-A162-C54E7200B0E5}.Debug|Any CPU.Build.0 = Debug|Any CPU
		{9ACC0041-C82B-4CB0-A162-C54E7200B0E5}.Release|Any CPU.ActiveCfg = Release|Any CPU
		{9ACC0041-C82B-4CB0-A162-C54E7200B0E5}.Release|Any CPU.Build.0 = Release|Any CPU
		{814EFCF7-EDAD-4B6B-9526-ED2CC8040B95}.Debug|Any CPU.ActiveCfg = Debug|Any CPU
		{814EFCF7-EDAD-4B6B-9526-ED2CC8040B95}.Debug|Any CPU.Build.0 = Debug|Any CPU
		{814EFCF7-EDAD-4B6B-9526-ED2CC8040B95}.Release|Any CPU.ActiveCfg = Release|Any CPU
		{814EFCF7-EDAD-4B6B-9526-ED2CC8040B95}.Release|Any CPU.Build.0 = Release|Any CPU
		{AA5CEEB7-77A8-45C8-A12A-12ECBA6D2E6F}.Debug|Any CPU.ActiveCfg = Debug|Any CPU
		{AA5CEEB7-77A8-45C8-A12A-12ECBA6D2E6F}.Debug|Any CPU.Build.0 = Debug|Any CPU
		{AA5CEEB7-77A8-45C8-A12A-12ECBA6D2E6F}.Release|Any CPU.ActiveCfg = Release|Any CPU
		{AA5CEEB7-77A8-45C8-A12A-12ECBA6D2E6F}.Release|Any CPU.Build.0 = Release|Any CPU
		{111A5558-6268-44F1-812F-34948A90D639}.Debug|Any CPU.ActiveCfg = Debug|Any CPU
		{111A5558-6268-44F1-812F-34948A90D639}.Debug|Any CPU.Build.0 = Debug|Any CPU
		{111A5558-6268-44F1-812F-34948A90D639}.Release|Any CPU.ActiveCfg = Release|Any CPU
		{111A5558-6268-44F1-812F-34948A90D639}.Release|Any CPU.Build.0 = Release|Any CPU
	EndGlobalSection
	GlobalSection(SolutionProperties) = preSolution
		HideSolutionNode = FALSE
	EndGlobalSection
EndGlobal
