
Microsoft Visual Studio Solution File, Format Version 12.00
# Visual Studio 2012
Project("{FAE04EC0-301F-11D3-BF4B-00C04F79EFBC}") = "TSWin", "TSWin\TSWin.csproj", "{832C9C38-8B84-49DA-BF32-2AF4A3D0068C}"
EndProject
Global
	GlobalSection(SolutionConfigurationPlatforms) = preSolution
		Debug|Any CPU = Debug|Any CPU
		Release|Any CPU = Release|Any CPU
	EndGlobalSection
	GlobalSection(ProjectConfigurationPlatforms) = postSolution
		{832C9C38-8B84-49DA-BF32-2AF4A3D0068C}.Debug|Any CPU.ActiveCfg = Debug|Any CPU
		{832C9C38-8B84-49DA-BF32-2AF4A3D0068C}.Debug|Any CPU.Build.0 = Debug|Any CPU
		{832C9C38-8B84-49DA-BF32-2AF4A3D0068C}.Release|Any CPU.ActiveCfg = Release|Any CPU
		{832C9C38-8B84-49DA-BF32-2AF4A3D0068C}.Release|Any CPU.Build.0 = Release|Any CPU
	EndGlobalSection
	GlobalSection(SolutionProperties) = preSolution
		HideSolutionNode = FALSE
	EndGlobalSection
EndGlobal
